
Microsoft Visual Studio Solution File, Format Version 12.00
# Visual Studio Version 16
VisualStudioVersion = 16.0.28803.352
MinimumVisualStudioVersion = 10.0.40219.1
Project("{FAE04EC0-301F-11D3-BF4B-00C04F79EFBC}") = "TempMes", "TempMes\TempMes.csproj", "{ED955243-9128-4249-823A-528A97E01267}"
EndProject
Global
	GlobalSection(SolutionConfigurationPlatforms) = preSolution
		Debug|Any CPU = Debug|Any CPU
		Release|Any CPU = Release|Any CPU
	EndGlobalSection
	GlobalSection(ProjectConfigurationPlatforms) = postSolution
		{ED955243-9128-4249-823A-528A97E01267}.Debug|Any CPU.ActiveCfg = Debug|Any CPU
		{ED955243-9128-4249-823A-528A97E01267}.Debug|Any CPU.Build.0 = Debug|Any CPU
		{ED955243-9128-4249-823A-528A97E01267}.Debug|Any CPU.Deploy.0 = Debug|Any CPU
		{ED955243-9128-4249-823A-528A97E01267}.Release|Any CPU.ActiveCfg = Release|Any CPU
		{ED955243-9128-4249-823A-528A97E01267}.Release|Any CPU.Build.0 = Release|Any CPU
		{ED955243-9128-4249-823A-528A97E01267}.Release|Any CPU.Deploy.0 = Release|Any CPU
	EndGlobalSection
	GlobalSection(SolutionProperties) = preSolution
		HideSolutionNode = FALSE
	EndGlobalSection
	GlobalSection(ExtensibilityGlobals) = postSolution
		SolutionGuid = {E242B36C-39F4-4630-A2C5-67E3E72FF9FE}
	EndGlobalSection
EndGlobal
